
Microsoft Visual Studio Solution File, Format Version 12.00
# Visual Studio Version 16
VisualStudioVersion = 16.0.30621.155
MinimumVisualStudioVersion = 10.0.40219.1
Project("{FAE04EC0-301F-11D3-BF4B-00C04F79EFBC}") = "IO", "IO.csproj", "{95991A75-E1E3-4EB8-9688-437A95D19EFD}"
EndProject
Global
	GlobalSection(SolutionConfigurationPlatforms) = preSolution
		Debug|Any CPU = Debug|Any CPU
		Release|Any CPU = Release|Any CPU
	EndGlobalSection
	GlobalSection(ProjectConfigurationPlatforms) = postSolution
		{95991A75-E1E3-4EB8-9688-437A95D19EFD}.Debug|Any CPU.ActiveCfg = Debug|Any CPU
		{95991A75-E1E3-4EB8-9688-437A95D19EFD}.Debug|Any CPU.Build.0 = Debug|Any CPU
		{95991A75-E1E3-4EB8-9688-437A95D19EFD}.Release|Any CPU.ActiveCfg = Release|Any CPU
		{95991A75-E1E3-4EB8-9688-437A95D19EFD}.Release|Any CPU.Build.0 = Release|Any CPU
	EndGlobalSection
	GlobalSection(SolutionProperties) = preSolution
		HideSolutionNode = FALSE
	EndGlobalSection
	GlobalSection(ExtensibilityGlobals) = postSolution
		SolutionGuid = {3040E5B3-C9AE-4A22-9327-6D0D9DBE49D2}
	EndGlobalSection
EndGlobal
